// !$*UTF8*$!
{
	archiveVersion = 1;
	classes = {
	};
	objectVersion = 48;
	objects = {

/* Begin PBXBuildFile section */
		8A0003C520A8ADA2006A854E /* LocationService.swift in Sources */ = {isa = PBXBuildFile; fileRef = 8A0003C420A8ADA2006A854E /* LocationService.swift */; };
		8A0003C720A96E85006A854E /* UserLocation.swift in Sources */ = {isa = PBXBuildFile; fileRef = 8A0003C620A96E85006A854E /* UserLocation.swift */; };
		8A0003CA20A96F7C006A854E /* LocationError.swift in Sources */ = {isa = PBXBuildFile; fileRef = 8A0003C920A96F7C006A854E /* LocationError.swift */; };
		8A0003CC20A983C2006A854E /* AlertService.swift in Sources */ = {isa = PBXBuildFile; fileRef = 8A0003CB20A983C2006A854E /* AlertService.swift */; };
		8A0003D620A9BF54006A854E /* Result.swift in Sources */ = {isa = PBXBuildFile; fileRef = 8A0003D520A9BF54006A854E /* Result.swift */; };
		8A0003D820A9BF99006A854E /* Endpoint.swift in Sources */ = {isa = PBXBuildFile; fileRef = 8A0003D720A9BF99006A854E /* Endpoint.swift */; };
		8A0003DA20A9C35B006A854E /* APIError.swift in Sources */ = {isa = PBXBuildFile; fileRef = 8A0003D920A9C35B006A854E /* APIError.swift */; };
		8A0003DC20A9C912006A854E /* APIClient.swift in Sources */ = {isa = PBXBuildFile; fileRef = 8A0003DB20A9C912006A854E /* APIClient.swift */; };
		8A0003E020AA147D006A854E /* WeatherClient.swift in Sources */ = {isa = PBXBuildFile; fileRef = 8A0003DF20AA147D006A854E /* WeatherClient.swift */; };
		8A0003E220AA1D51006A854E /* WeatherFeed.swift in Sources */ = {isa = PBXBuildFile; fileRef = 8A0003E120AA1D51006A854E /* WeatherFeed.swift */; };
		8A00041C20AAD4E4006A854E /* CoreDataStack.swift in Sources */ = {isa = PBXBuildFile; fileRef = 8A00041B20AAD4E4006A854E /* CoreDataStack.swift */; };
		8A00042C20AAEF23006A854E /* CodingUserInfoKey.swift in Sources */ = {isa = PBXBuildFile; fileRef = 8A00042B20AAEF23006A854E /* CodingUserInfoKey.swift */; };
		8A00044120ADF166006A854E /* WeatherResponse.swift in Sources */ = {isa = PBXBuildFile; fileRef = 8A00044020ADF166006A854E /* WeatherResponse.swift */; };
		8A00044320ADF174006A854E /* WeatherDataResponse.swift in Sources */ = {isa = PBXBuildFile; fileRef = 8A00044220ADF174006A854E /* WeatherDataResponse.swift */; };
		8A00044720ADF599006A854E /* WeatherHourlyResponse.swift in Sources */ = {isa = PBXBuildFile; fileRef = 8A00044620ADF599006A854E /* WeatherHourlyResponse.swift */; };
		8A00044A20AE03A7006A854E /* Sunblock.xcdatamodeld in Sources */ = {isa = PBXBuildFile; fileRef = 8A00044820AE03A7006A854E /* Sunblock.xcdatamodeld */; };
		8A00045120AE07C7006A854E /* Weather+CoreDataClass.swift in Sources */ = {isa = PBXBuildFile; fileRef = 8A00044F20AE07C7006A854E /* Weather+CoreDataClass.swift */; };
		8A00045220AE07C7006A854E /* Weather+CoreDataProperties.swift in Sources */ = {isa = PBXBuildFile; fileRef = 8A00045020AE07C7006A854E /* Weather+CoreDataProperties.swift */; };
		8A00045420AEB45D006A854E /* Date.swift in Sources */ = {isa = PBXBuildFile; fileRef = 8A00045320AEB45D006A854E /* Date.swift */; };
		8A00045620AECA53006A854E /* Environment.swift in Sources */ = {isa = PBXBuildFile; fileRef = 8A00045520AECA53006A854E /* Environment.swift */; };
		8A00E936209F7B72000C6882 /* ProfileView.xib in Resources */ = {isa = PBXBuildFile; fileRef = 8A00E935209F7B72000C6882 /* ProfileView.xib */; };
		8A00E938209F8912000C6882 /* ProfileView.swift in Sources */ = {isa = PBXBuildFile; fileRef = 8A00E937209F8912000C6882 /* ProfileView.swift */; };
		8A00E93A209F8A71000C6882 /* Profile.swift in Sources */ = {isa = PBXBuildFile; fileRef = 8A00E939209F8A71000C6882 /* Profile.swift */; };
		8A00E94020A2406C000C6882 /* Profiles.plist in Resources */ = {isa = PBXBuildFile; fileRef = 8A00E93F20A2406C000C6882 /* Profiles.plist */; };
		8A0D7BA8208FAAC000003245 /* SkinType.swift in Sources */ = {isa = PBXBuildFile; fileRef = 8A0D7BA7208FAAC000003245 /* SkinType.swift */; };
		8A0D7BAB208FABBB00003245 /* SkinImageContainer.swift in Sources */ = {isa = PBXBuildFile; fileRef = 8A0D7BAA208FABBB00003245 /* SkinImageContainer.swift */; };
		8A0D7BAE208FC3C200003245 /* Reusable.swift in Sources */ = {isa = PBXBuildFile; fileRef = 8A0D7BAD208FC3C200003245 /* Reusable.swift */; };
		8A0D7BB0208FCA1400003245 /* NibLoadable.swift in Sources */ = {isa = PBXBuildFile; fileRef = 8A0D7BAF208FCA1400003245 /* NibLoadable.swift */; };
		8A23F6E320910B8400A30DDE /* NibOwnerLoadable.swift in Sources */ = {isa = PBXBuildFile; fileRef = 8A23F6E220910B8400A30DDE /* NibOwnerLoadable.swift */; };
		8A23F6E520910C6700A30DDE /* UICollectionView.swift in Sources */ = {isa = PBXBuildFile; fileRef = 8A23F6E420910C6700A30DDE /* UICollectionView.swift */; };
		8A23F6E72091103500A30DDE /* UITableView.swift in Sources */ = {isa = PBXBuildFile; fileRef = 8A23F6E62091103500A30DDE /* UITableView.swift */; };
		8A23F6E92091140A00A30DDE /* StoryboardIdentifiable.swift in Sources */ = {isa = PBXBuildFile; fileRef = 8A23F6E82091140A00A30DDE /* StoryboardIdentifiable.swift */; };
		8A23F6EB2091143300A30DDE /* UIStoryboard.swift in Sources */ = {isa = PBXBuildFile; fileRef = 8A23F6EA2091143300A30DDE /* UIStoryboard.swift */; };
		8A36537320950E1000337B3C /* UIView.swift in Sources */ = {isa = PBXBuildFile; fileRef = 8A36537220950E1000337B3C /* UIView.swift */; };
		8A40F84A20B7639400C16725 /* UIDevice.swift in Sources */ = {isa = PBXBuildFile; fileRef = 8A40F84920B7639400C16725 /* UIDevice.swift */; };
		8A40F84C20B76B8900C16725 /* Bundle.swift in Sources */ = {isa = PBXBuildFile; fileRef = 8A40F84B20B76B8900C16725 /* Bundle.swift */; };
		8A40F84E20B7F90A00C16725 /* ScrollView.swift in Sources */ = {isa = PBXBuildFile; fileRef = 8A40F84D20B7F90A00C16725 /* ScrollView.swift */; };
		8A40F85020B7FE8700C16725 /* NotificationName.swift in Sources */ = {isa = PBXBuildFile; fileRef = 8A40F84F20B7FE8700C16725 /* NotificationName.swift */; };
		8A40F85320BBEC0400C16725 /* OnboardingHeaderView.xib in Resources */ = {isa = PBXBuildFile; fileRef = 8A40F85220BBEC0400C16725 /* OnboardingHeaderView.xib */; };
		8A40F85520BBED8200C16725 /* OnboardingHeaderView.swift in Sources */ = {isa = PBXBuildFile; fileRef = 8A40F85420BBED8200C16725 /* OnboardingHeaderView.swift */; };
		8A40F85820BC328200C16725 /* SESkinSelectionView.xib in Resources */ = {isa = PBXBuildFile; fileRef = 8A40F85720BC328200C16725 /* SESkinSelectionView.xib */; };
		8A40F85A20BC37C600C16725 /* SESkinSelectionView.swift in Sources */ = {isa = PBXBuildFile; fileRef = 8A40F85920BC37C600C16725 /* SESkinSelectionView.swift */; };
		8A40F85D20BCA9E700C16725 /* SkinSelectionAvatarView.xib in Resources */ = {isa = PBXBuildFile; fileRef = 8A40F85C20BCA9E700C16725 /* SkinSelectionAvatarView.xib */; };
		8A40F86020BCABBE00C16725 /* SkinSelectionAvatarView.swift in Sources */ = {isa = PBXBuildFile; fileRef = 8A40F85F20BCABBE00C16725 /* SkinSelectionAvatarView.swift */; };
		8A40F86320BD3C6100C16725 /* SkinSelectionSceneViewController.swift in Sources */ = {isa = PBXBuildFile; fileRef = 8A40F86220BD3C6100C16725 /* SkinSelectionSceneViewController.swift */; };
		8A40F86620BD808400C16725 /* SkinSelectionView.xib in Resources */ = {isa = PBXBuildFile; fileRef = 8A40F86520BD808400C16725 /* SkinSelectionView.xib */; };
		8A40F86820BD90BB00C16725 /* SkinSelectionView.swift in Sources */ = {isa = PBXBuildFile; fileRef = 8A40F86720BD90BB00C16725 /* SkinSelectionView.swift */; };
		8A4A3A8720B347D80043D0FA /* OnboardingStatus.swift in Sources */ = {isa = PBXBuildFile; fileRef = 8A4A3A8620B347D80043D0FA /* OnboardingStatus.swift */; };
		8A4A3A8920B364BF0043D0FA /* OnboardinDisclaimerSceneViewController.swift in Sources */ = {isa = PBXBuildFile; fileRef = 8A4A3A8820B364BF0043D0FA /* OnboardinDisclaimerSceneViewController.swift */; };
		8A4A3A8B20B365E60043D0FA /* OnboardinLocationSceneViewController.swift in Sources */ = {isa = PBXBuildFile; fileRef = 8A4A3A8A20B365E60043D0FA /* OnboardinLocationSceneViewController.swift */; };
		8A502EDF2073C8330039D598 /* AppDelegate.swift in Sources */ = {isa = PBXBuildFile; fileRef = 8A502EDE2073C8330039D598 /* AppDelegate.swift */; };
		8A502EE42073C8330039D598 /* Main.storyboard in Resources */ = {isa = PBXBuildFile; fileRef = 8A502EE22073C8330039D598 /* Main.storyboard */; };
		8A502EE62073C8330039D598 /* Assets.xcassets in Resources */ = {isa = PBXBuildFile; fileRef = 8A502EE52073C8330039D598 /* Assets.xcassets */; };
		8A502EE92073C8330039D598 /* LaunchScreen.storyboard in Resources */ = {isa = PBXBuildFile; fileRef = 8A502EE72073C8330039D598 /* LaunchScreen.storyboard */; };
		8A502EFA2073C95C0039D598 /* UIColor.swift in Sources */ = {isa = PBXBuildFile; fileRef = 8A502EF92073C95C0039D598 /* UIColor.swift */; };
		8A57482320742E8600B295B9 /* MainSceneViewController.swift in Sources */ = {isa = PBXBuildFile; fileRef = 8A57482220742E8600B295B9 /* MainSceneViewController.swift */; };
		8A57482D2074316B00B295B9 /* Archivo-MediumItalic.ttf in Resources */ = {isa = PBXBuildFile; fileRef = 8A5748252074316A00B295B9 /* Archivo-MediumItalic.ttf */; };
		8A57482E2074316B00B295B9 /* Archivo-Italic.ttf in Resources */ = {isa = PBXBuildFile; fileRef = 8A5748262074316A00B295B9 /* Archivo-Italic.ttf */; };
		8A57482F2074316B00B295B9 /* Archivo-BoldItalic.ttf in Resources */ = {isa = PBXBuildFile; fileRef = 8A5748272074316A00B295B9 /* Archivo-BoldItalic.ttf */; };
		8A5748302074316B00B295B9 /* Archivo-SemiBold.ttf in Resources */ = {isa = PBXBuildFile; fileRef = 8A5748282074316B00B295B9 /* Archivo-SemiBold.ttf */; };
		8A5748312074316B00B295B9 /* Archivo-SemiBoldItalic.ttf in Resources */ = {isa = PBXBuildFile; fileRef = 8A5748292074316B00B295B9 /* Archivo-SemiBoldItalic.ttf */; };
		8A5748322074316B00B295B9 /* Archivo-Bold.ttf in Resources */ = {isa = PBXBuildFile; fileRef = 8A57482A2074316B00B295B9 /* Archivo-Bold.ttf */; };
		8A5748332074316B00B295B9 /* Archivo-Regular.ttf in Resources */ = {isa = PBXBuildFile; fileRef = 8A57482B2074316B00B295B9 /* Archivo-Regular.ttf */; };
		8A5748342074316B00B295B9 /* Archivo-Medium.ttf in Resources */ = {isa = PBXBuildFile; fileRef = 8A57482C2074316B00B295B9 /* Archivo-Medium.ttf */; };
		8A5748382075222400B295B9 /* nevis.ttf in Resources */ = {isa = PBXBuildFile; fileRef = 8A5748372075222400B295B9 /* nevis.ttf */; };
		8A7E8D05212C0C5400E0909C /* SettingsTableViewController.swift in Sources */ = {isa = PBXBuildFile; fileRef = 8A7E8D04212C0C5400E0909C /* SettingsTableViewController.swift */; };
		8A7E8D09212C1F3F00E0909C /* TemperatureUnit.swift in Sources */ = {isa = PBXBuildFile; fileRef = 8A7E8D08212C1F3F00E0909C /* TemperatureUnit.swift */; };
		8A7E8D0C212C22CC00E0909C /* SettingsUtlity.swift in Sources */ = {isa = PBXBuildFile; fileRef = 8A7E8D0B212C22CC00E0909C /* SettingsUtlity.swift */; };
		8A9CB2A620B4294B009720C2 /* UIViewController.swift in Sources */ = {isa = PBXBuildFile; fileRef = 8A9CB2A520B4294B009720C2 /* UIViewController.swift */; };
		8A9CF53F209A5034001EFCCC /* SettingsSceneViewController.swift in Sources */ = {isa = PBXBuildFile; fileRef = 8A9CF53E209A5034001EFCCC /* SettingsSceneViewController.swift */; };
		8A9CF542209A509E001EFCCC /* DisclaimerSceneViewController.swift in Sources */ = {isa = PBXBuildFile; fileRef = 8A9CF541209A509E001EFCCC /* DisclaimerSceneViewController.swift */; };
		8A9CF545209A5E2E001EFCCC /* AboutSceneViewController.swift in Sources */ = {isa = PBXBuildFile; fileRef = 8A9CF544209A5E2E001EFCCC /* AboutSceneViewController.swift */; };
		8ABC18C820B20852007EA149 /* Onboarding.storyboard in Resources */ = {isa = PBXBuildFile; fileRef = 8ABC18C720B20852007EA149 /* Onboarding.storyboard */; };
		8ABC18CB20B20CAE007EA149 /* OnboardingSceneViewController.swift in Sources */ = {isa = PBXBuildFile; fileRef = 8ABC18CA20B20CAE007EA149 /* OnboardingSceneViewController.swift */; };
		8ABC18CD20B21175007EA149 /* OnboardingInfoView.xib in Resources */ = {isa = PBXBuildFile; fileRef = 8ABC18CC20B21175007EA149 /* OnboardingInfoView.xib */; };
		8ABC18CF20B211AC007EA149 /* OnboardingInfoView.swift in Sources */ = {isa = PBXBuildFile; fileRef = 8ABC18CE20B211AC007EA149 /* OnboardingInfoView.swift */; };
		8AC3C3F820A4CFC400FFFB20 /* SegmentChooserView.xib in Resources */ = {isa = PBXBuildFile; fileRef = 8AC3C3F720A4CFC400FFFB20 /* SegmentChooserView.xib */; };
		8AC3C3FA20A577EA00FFFB20 /* SegmentChooserView.swift in Sources */ = {isa = PBXBuildFile; fileRef = 8AC3C3F920A577EA00FFFB20 /* SegmentChooserView.swift */; };
		8AD6B1FA2083D47E0073721E /* MainButton.swift in Sources */ = {isa = PBXBuildFile; fileRef = 8AD6B1F92083D47E0073721E /* MainButton.swift */; };
		8AD6B1FD2083E2FD0073721E /* SkinChooser.storyboard in Resources */ = {isa = PBXBuildFile; fileRef = 8AD6B1FC2083E2FD0073721E /* SkinChooser.storyboard */; };
		8AD6B2002083E80F0073721E /* SkinChooserSceneViewController.swift in Sources */ = {isa = PBXBuildFile; fileRef = 8AD6B1FF2083E80F0073721E /* SkinChooserSceneViewController.swift */; };
		8AD6B2032083E8A10073721E /* SkinTypeCell.swift in Sources */ = {isa = PBXBuildFile; fileRef = 8AD6B2022083E8A10073721E /* SkinTypeCell.swift */; };
		8AE0368721331EAB00174DF2 /* SSEValue.swift in Sources */ = {isa = PBXBuildFile; fileRef = 8AE0368621331EAB00174DF2 /* SSEValue.swift */; };
		8AE0368A2133209A00174DF2 /* PersistanceService.swift in Sources */ = {isa = PBXBuildFile; fileRef = 8AE036892133209A00174DF2 /* PersistanceService.swift */; };
		8AE2771F20B0A79300D8E65F /* SPFSelectionView.xib in Resources */ = {isa = PBXBuildFile; fileRef = 8AE2771E20B0A79300D8E65F /* SPFSelectionView.xib */; };
		8AE2772120B0ADDF00D8E65F /* SPFSelectionView.swift in Sources */ = {isa = PBXBuildFile; fileRef = 8AE2772020B0ADDF00D8E65F /* SPFSelectionView.swift */; };
		8AE2772520B1CA7900D8E65F /* UIFont.swift in Sources */ = {isa = PBXBuildFile; fileRef = 8AE2772420B1CA7900D8E65F /* UIFont.swift */; };
		8AE2772820B1F73500D8E65F /* SSEView.xib in Resources */ = {isa = PBXBuildFile; fileRef = 8AE2772720B1F73500D8E65F /* SSEView.xib */; };
		8AE2772A20B1FE8C00D8E65F /* SSEView.swift in Sources */ = {isa = PBXBuildFile; fileRef = 8AE2772920B1FE8C00D8E65F /* SSEView.swift */; };
		8AE78EFE20B4BB27002B7F8D /* SSEController.swift in Sources */ = {isa = PBXBuildFile; fileRef = 8AE78EFD20B4BB27002B7F8D /* SSEController.swift */; };
		8AE78F0020B595A4002B7F8D /* Reachability.swift in Sources */ = {isa = PBXBuildFile; fileRef = 8AE78EFF20B595A4002B7F8D /* Reachability.swift */; };
		8AE78F0320B5F890002B7F8D /* UserNotificationService.swift in Sources */ = {isa = PBXBuildFile; fileRef = 8AE78F0220B5F890002B7F8D /* UserNotificationService.swift */; };
		8AFAE29A207FED9500DA7D0E /* Settings.storyboard in Resources */ = {isa = PBXBuildFile; fileRef = 8AFAE299207FED9500DA7D0E /* Settings.storyboard */; };
/* End PBXBuildFile section */

/* Begin PBXFileReference section */
		8A0003C420A8ADA2006A854E /* LocationService.swift */ = {isa = PBXFileReference; lastKnownFileType = sourcecode.swift; path = LocationService.swift; sourceTree = "<group>"; };
		8A0003C620A96E85006A854E /* UserLocation.swift */ = {isa = PBXFileReference; lastKnownFileType = sourcecode.swift; path = UserLocation.swift; sourceTree = "<group>"; };
		8A0003C920A96F7C006A854E /* LocationError.swift */ = {isa = PBXFileReference; lastKnownFileType = sourcecode.swift; path = LocationError.swift; sourceTree = "<group>"; };
		8A0003CB20A983C2006A854E /* AlertService.swift */ = {isa = PBXFileReference; lastKnownFileType = sourcecode.swift; path = AlertService.swift; sourceTree = "<group>"; };
		8A0003D520A9BF54006A854E /* Result.swift */ = {isa = PBXFileReference; lastKnownFileType = sourcecode.swift; path = Result.swift; sourceTree = "<group>"; };
		8A0003D720A9BF99006A854E /* Endpoint.swift */ = {isa = PBXFileReference; lastKnownFileType = sourcecode.swift; path = Endpoint.swift; sourceTree = "<group>"; };
		8A0003D920A9C35B006A854E /* APIError.swift */ = {isa = PBXFileReference; lastKnownFileType = sourcecode.swift; path = APIError.swift; sourceTree = "<group>"; };
		8A0003DB20A9C912006A854E /* APIClient.swift */ = {isa = PBXFileReference; lastKnownFileType = sourcecode.swift; path = APIClient.swift; sourceTree = "<group>"; };
		8A0003DF20AA147D006A854E /* WeatherClient.swift */ = {isa = PBXFileReference; lastKnownFileType = sourcecode.swift; path = WeatherClient.swift; sourceTree = "<group>"; };
		8A0003E120AA1D51006A854E /* WeatherFeed.swift */ = {isa = PBXFileReference; lastKnownFileType = sourcecode.swift; path = WeatherFeed.swift; sourceTree = "<group>"; };
		8A00041B20AAD4E4006A854E /* CoreDataStack.swift */ = {isa = PBXFileReference; lastKnownFileType = sourcecode.swift; path = CoreDataStack.swift; sourceTree = "<group>"; };
		8A00042B20AAEF23006A854E /* CodingUserInfoKey.swift */ = {isa = PBXFileReference; lastKnownFileType = sourcecode.swift; path = CodingUserInfoKey.swift; sourceTree = "<group>"; };
		8A00044020ADF166006A854E /* WeatherResponse.swift */ = {isa = PBXFileReference; lastKnownFileType = sourcecode.swift; path = WeatherResponse.swift; sourceTree = "<group>"; };
		8A00044220ADF174006A854E /* WeatherDataResponse.swift */ = {isa = PBXFileReference; lastKnownFileType = sourcecode.swift; path = WeatherDataResponse.swift; sourceTree = "<group>"; };
		8A00044620ADF599006A854E /* WeatherHourlyResponse.swift */ = {isa = PBXFileReference; lastKnownFileType = sourcecode.swift; path = WeatherHourlyResponse.swift; sourceTree = "<group>"; };
		8A00044920AE03A7006A854E /* Sunblock.xcdatamodel */ = {isa = PBXFileReference; lastKnownFileType = wrapper.xcdatamodel; path = Sunblock.xcdatamodel; sourceTree = "<group>"; };
		8A00044F20AE07C7006A854E /* Weather+CoreDataClass.swift */ = {isa = PBXFileReference; lastKnownFileType = sourcecode.swift; path = "Weather+CoreDataClass.swift"; sourceTree = "<group>"; };
		8A00045020AE07C7006A854E /* Weather+CoreDataProperties.swift */ = {isa = PBXFileReference; lastKnownFileType = sourcecode.swift; path = "Weather+CoreDataProperties.swift"; sourceTree = "<group>"; };
		8A00045320AEB45D006A854E /* Date.swift */ = {isa = PBXFileReference; lastKnownFileType = sourcecode.swift; path = Date.swift; sourceTree = "<group>"; };
		8A00045520AECA53006A854E /* Environment.swift */ = {isa = PBXFileReference; lastKnownFileType = sourcecode.swift; path = Environment.swift; sourceTree = "<group>"; };
		8A00E935209F7B72000C6882 /* ProfileView.xib */ = {isa = PBXFileReference; lastKnownFileType = file.xib; path = ProfileView.xib; sourceTree = "<group>"; };
		8A00E937209F8912000C6882 /* ProfileView.swift */ = {isa = PBXFileReference; lastKnownFileType = sourcecode.swift; path = ProfileView.swift; sourceTree = "<group>"; };
		8A00E939209F8A71000C6882 /* Profile.swift */ = {isa = PBXFileReference; lastKnownFileType = sourcecode.swift; path = Profile.swift; sourceTree = "<group>"; };
		8A00E93F20A2406C000C6882 /* Profiles.plist */ = {isa = PBXFileReference; lastKnownFileType = text.plist.xml; path = Profiles.plist; sourceTree = "<group>"; };
		8A0D7BA7208FAAC000003245 /* SkinType.swift */ = {isa = PBXFileReference; lastKnownFileType = sourcecode.swift; path = SkinType.swift; sourceTree = "<group>"; };
		8A0D7BAA208FABBB00003245 /* SkinImageContainer.swift */ = {isa = PBXFileReference; lastKnownFileType = sourcecode.swift; path = SkinImageContainer.swift; sourceTree = "<group>"; };
		8A0D7BAD208FC3C200003245 /* Reusable.swift */ = {isa = PBXFileReference; lastKnownFileType = sourcecode.swift; path = Reusable.swift; sourceTree = "<group>"; };
		8A0D7BAF208FCA1400003245 /* NibLoadable.swift */ = {isa = PBXFileReference; lastKnownFileType = sourcecode.swift; path = NibLoadable.swift; sourceTree = "<group>"; };
		8A23F6E220910B8400A30DDE /* NibOwnerLoadable.swift */ = {isa = PBXFileReference; lastKnownFileType = sourcecode.swift; path = NibOwnerLoadable.swift; sourceTree = "<group>"; };
		8A23F6E420910C6700A30DDE /* UICollectionView.swift */ = {isa = PBXFileReference; lastKnownFileType = sourcecode.swift; path = UICollectionView.swift; sourceTree = "<group>"; };
		8A23F6E62091103500A30DDE /* UITableView.swift */ = {isa = PBXFileReference; lastKnownFileType = sourcecode.swift; path = UITableView.swift; sourceTree = "<group>"; };
		8A23F6E82091140A00A30DDE /* StoryboardIdentifiable.swift */ = {isa = PBXFileReference; lastKnownFileType = sourcecode.swift; path = StoryboardIdentifiable.swift; sourceTree = "<group>"; };
		8A23F6EA2091143300A30DDE /* UIStoryboard.swift */ = {isa = PBXFileReference; lastKnownFileType = sourcecode.swift; path = UIStoryboard.swift; sourceTree = "<group>"; };
		8A36537220950E1000337B3C /* UIView.swift */ = {isa = PBXFileReference; lastKnownFileType = sourcecode.swift; path = UIView.swift; sourceTree = "<group>"; };
		8A40F84920B7639400C16725 /* UIDevice.swift */ = {isa = PBXFileReference; lastKnownFileType = sourcecode.swift; path = UIDevice.swift; sourceTree = "<group>"; };
		8A40F84B20B76B8900C16725 /* Bundle.swift */ = {isa = PBXFileReference; lastKnownFileType = sourcecode.swift; path = Bundle.swift; sourceTree = "<group>"; };
		8A40F84D20B7F90A00C16725 /* ScrollView.swift */ = {isa = PBXFileReference; lastKnownFileType = sourcecode.swift; path = ScrollView.swift; sourceTree = "<group>"; };
		8A40F84F20B7FE8700C16725 /* NotificationName.swift */ = {isa = PBXFileReference; lastKnownFileType = sourcecode.swift; path = NotificationName.swift; sourceTree = "<group>"; };
		8A40F85220BBEC0400C16725 /* OnboardingHeaderView.xib */ = {isa = PBXFileReference; lastKnownFileType = file.xib; path = OnboardingHeaderView.xib; sourceTree = "<group>"; };
		8A40F85420BBED8200C16725 /* OnboardingHeaderView.swift */ = {isa = PBXFileReference; lastKnownFileType = sourcecode.swift; path = OnboardingHeaderView.swift; sourceTree = "<group>"; };
		8A40F85720BC328200C16725 /* SESkinSelectionView.xib */ = {isa = PBXFileReference; lastKnownFileType = file.xib; path = SESkinSelectionView.xib; sourceTree = "<group>"; };
		8A40F85920BC37C600C16725 /* SESkinSelectionView.swift */ = {isa = PBXFileReference; lastKnownFileType = sourcecode.swift; path = SESkinSelectionView.swift; sourceTree = "<group>"; };
		8A40F85C20BCA9E700C16725 /* SkinSelectionAvatarView.xib */ = {isa = PBXFileReference; lastKnownFileType = file.xib; path = SkinSelectionAvatarView.xib; sourceTree = "<group>"; };
		8A40F85F20BCABBE00C16725 /* SkinSelectionAvatarView.swift */ = {isa = PBXFileReference; lastKnownFileType = sourcecode.swift; path = SkinSelectionAvatarView.swift; sourceTree = "<group>"; };
		8A40F86220BD3C6100C16725 /* SkinSelectionSceneViewController.swift */ = {isa = PBXFileReference; lastKnownFileType = sourcecode.swift; path = SkinSelectionSceneViewController.swift; sourceTree = "<group>"; };
		8A40F86520BD808400C16725 /* SkinSelectionView.xib */ = {isa = PBXFileReference; lastKnownFileType = file.xib; path = SkinSelectionView.xib; sourceTree = "<group>"; };
		8A40F86720BD90BB00C16725 /* SkinSelectionView.swift */ = {isa = PBXFileReference; lastKnownFileType = sourcecode.swift; path = SkinSelectionView.swift; sourceTree = "<group>"; };
		8A4A3A8620B347D80043D0FA /* OnboardingStatus.swift */ = {isa = PBXFileReference; lastKnownFileType = sourcecode.swift; path = OnboardingStatus.swift; sourceTree = "<group>"; };
		8A4A3A8820B364BF0043D0FA /* OnboardinDisclaimerSceneViewController.swift */ = {isa = PBXFileReference; lastKnownFileType = sourcecode.swift; path = OnboardinDisclaimerSceneViewController.swift; sourceTree = "<group>"; };
		8A4A3A8A20B365E60043D0FA /* OnboardinLocationSceneViewController.swift */ = {isa = PBXFileReference; lastKnownFileType = sourcecode.swift; path = OnboardinLocationSceneViewController.swift; sourceTree = "<group>"; };
		8A502EDB2073C8330039D598 /* Sunblock.app */ = {isa = PBXFileReference; explicitFileType = wrapper.application; includeInIndex = 0; path = Sunblock.app; sourceTree = BUILT_PRODUCTS_DIR; };
		8A502EDE2073C8330039D598 /* AppDelegate.swift */ = {isa = PBXFileReference; lastKnownFileType = sourcecode.swift; path = AppDelegate.swift; sourceTree = "<group>"; };
		8A502EE32073C8330039D598 /* Base */ = {isa = PBXFileReference; lastKnownFileType = file.storyboard; name = Base; path = Base.lproj/Main.storyboard; sourceTree = "<group>"; };
		8A502EE52073C8330039D598 /* Assets.xcassets */ = {isa = PBXFileReference; lastKnownFileType = folder.assetcatalog; path = Assets.xcassets; sourceTree = "<group>"; };
		8A502EE82073C8330039D598 /* Base */ = {isa = PBXFileReference; lastKnownFileType = file.storyboard; name = Base; path = Base.lproj/LaunchScreen.storyboard; sourceTree = "<group>"; };
		8A502EEA2073C8330039D598 /* Info.plist */ = {isa = PBXFileReference; lastKnownFileType = text.plist.xml; path = Info.plist; sourceTree = "<group>"; };
		8A502EF92073C95C0039D598 /* UIColor.swift */ = {isa = PBXFileReference; lastKnownFileType = sourcecode.swift; path = UIColor.swift; sourceTree = "<group>"; };
		8A57482220742E8600B295B9 /* MainSceneViewController.swift */ = {isa = PBXFileReference; lastKnownFileType = sourcecode.swift; path = MainSceneViewController.swift; sourceTree = "<group>"; };
		8A5748252074316A00B295B9 /* Archivo-MediumItalic.ttf */ = {isa = PBXFileReference; lastKnownFileType = file; path = "Archivo-MediumItalic.ttf"; sourceTree = "<group>"; };
		8A5748262074316A00B295B9 /* Archivo-Italic.ttf */ = {isa = PBXFileReference; lastKnownFileType = file; path = "Archivo-Italic.ttf"; sourceTree = "<group>"; };
		8A5748272074316A00B295B9 /* Archivo-BoldItalic.ttf */ = {isa = PBXFileReference; lastKnownFileType = file; path = "Archivo-BoldItalic.ttf"; sourceTree = "<group>"; };
		8A5748282074316B00B295B9 /* Archivo-SemiBold.ttf */ = {isa = PBXFileReference; lastKnownFileType = file; path = "Archivo-SemiBold.ttf"; sourceTree = "<group>"; };
		8A5748292074316B00B295B9 /* Archivo-SemiBoldItalic.ttf */ = {isa = PBXFileReference; lastKnownFileType = file; path = "Archivo-SemiBoldItalic.ttf"; sourceTree = "<group>"; };
		8A57482A2074316B00B295B9 /* Archivo-Bold.ttf */ = {isa = PBXFileReference; lastKnownFileType = file; path = "Archivo-Bold.ttf"; sourceTree = "<group>"; };
		8A57482B2074316B00B295B9 /* Archivo-Regular.ttf */ = {isa = PBXFileReference; lastKnownFileType = file; path = "Archivo-Regular.ttf"; sourceTree = "<group>"; };
		8A57482C2074316B00B295B9 /* Archivo-Medium.ttf */ = {isa = PBXFileReference; lastKnownFileType = file; path = "Archivo-Medium.ttf"; sourceTree = "<group>"; };
		8A5748372075222400B295B9 /* nevis.ttf */ = {isa = PBXFileReference; lastKnownFileType = file; path = nevis.ttf; sourceTree = "<group>"; };
		8A7E8D04212C0C5400E0909C /* SettingsTableViewController.swift */ = {isa = PBXFileReference; lastKnownFileType = sourcecode.swift; path = SettingsTableViewController.swift; sourceTree = "<group>"; };
		8A7E8D08212C1F3F00E0909C /* TemperatureUnit.swift */ = {isa = PBXFileReference; lastKnownFileType = sourcecode.swift; path = TemperatureUnit.swift; sourceTree = "<group>"; };
		8A7E8D0B212C22CC00E0909C /* SettingsUtlity.swift */ = {isa = PBXFileReference; lastKnownFileType = sourcecode.swift; path = SettingsUtlity.swift; sourceTree = "<group>"; };
		8A9CB2A520B4294B009720C2 /* UIViewController.swift */ = {isa = PBXFileReference; lastKnownFileType = sourcecode.swift; path = UIViewController.swift; sourceTree = "<group>"; };
		8A9CF53E209A5034001EFCCC /* SettingsSceneViewController.swift */ = {isa = PBXFileReference; lastKnownFileType = sourcecode.swift; path = SettingsSceneViewController.swift; sourceTree = "<group>"; };
		8A9CF541209A509E001EFCCC /* DisclaimerSceneViewController.swift */ = {isa = PBXFileReference; lastKnownFileType = sourcecode.swift; path = DisclaimerSceneViewController.swift; sourceTree = "<group>"; };
		8A9CF544209A5E2E001EFCCC /* AboutSceneViewController.swift */ = {isa = PBXFileReference; lastKnownFileType = sourcecode.swift; path = AboutSceneViewController.swift; sourceTree = "<group>"; };
		8ABC18C720B20852007EA149 /* Onboarding.storyboard */ = {isa = PBXFileReference; lastKnownFileType = file.storyboard; path = Onboarding.storyboard; sourceTree = "<group>"; };
		8ABC18CA20B20CAE007EA149 /* OnboardingSceneViewController.swift */ = {isa = PBXFileReference; lastKnownFileType = sourcecode.swift; path = OnboardingSceneViewController.swift; sourceTree = "<group>"; };
		8ABC18CC20B21175007EA149 /* OnboardingInfoView.xib */ = {isa = PBXFileReference; lastKnownFileType = file.xib; path = OnboardingInfoView.xib; sourceTree = "<group>"; };
		8ABC18CE20B211AC007EA149 /* OnboardingInfoView.swift */ = {isa = PBXFileReference; lastKnownFileType = sourcecode.swift; path = OnboardingInfoView.swift; sourceTree = "<group>"; };
		8AC3C3F720A4CFC400FFFB20 /* SegmentChooserView.xib */ = {isa = PBXFileReference; lastKnownFileType = file.xib; path = SegmentChooserView.xib; sourceTree = "<group>"; };
		8AC3C3F920A577EA00FFFB20 /* SegmentChooserView.swift */ = {isa = PBXFileReference; lastKnownFileType = sourcecode.swift; path = SegmentChooserView.swift; sourceTree = "<group>"; };
		8AD6B1F92083D47E0073721E /* MainButton.swift */ = {isa = PBXFileReference; lastKnownFileType = sourcecode.swift; path = MainButton.swift; sourceTree = "<group>"; };
		8AD6B1FC2083E2FD0073721E /* SkinChooser.storyboard */ = {isa = PBXFileReference; lastKnownFileType = file.storyboard; path = SkinChooser.storyboard; sourceTree = "<group>"; };
		8AD6B1FF2083E80F0073721E /* SkinChooserSceneViewController.swift */ = {isa = PBXFileReference; lastKnownFileType = sourcecode.swift; path = SkinChooserSceneViewController.swift; sourceTree = "<group>"; };
		8AD6B2022083E8A10073721E /* SkinTypeCell.swift */ = {isa = PBXFileReference; lastKnownFileType = sourcecode.swift; path = SkinTypeCell.swift; sourceTree = "<group>"; };
		8AE0368621331EAB00174DF2 /* SSEValue.swift */ = {isa = PBXFileReference; lastKnownFileType = sourcecode.swift; path = SSEValue.swift; sourceTree = "<group>"; };
		8AE036892133209A00174DF2 /* PersistanceService.swift */ = {isa = PBXFileReference; lastKnownFileType = sourcecode.swift; path = PersistanceService.swift; sourceTree = "<group>"; };
		8AE2771E20B0A79300D8E65F /* SPFSelectionView.xib */ = {isa = PBXFileReference; lastKnownFileType = file.xib; path = SPFSelectionView.xib; sourceTree = "<group>"; };
		8AE2772020B0ADDF00D8E65F /* SPFSelectionView.swift */ = {isa = PBXFileReference; lastKnownFileType = sourcecode.swift; path = SPFSelectionView.swift; sourceTree = "<group>"; };
		8AE2772420B1CA7900D8E65F /* UIFont.swift */ = {isa = PBXFileReference; lastKnownFileType = sourcecode.swift; path = UIFont.swift; sourceTree = "<group>"; };
		8AE2772720B1F73500D8E65F /* SSEView.xib */ = {isa = PBXFileReference; lastKnownFileType = file.xib; path = SSEView.xib; sourceTree = "<group>"; };
		8AE2772920B1FE8C00D8E65F /* SSEView.swift */ = {isa = PBXFileReference; lastKnownFileType = sourcecode.swift; path = SSEView.swift; sourceTree = "<group>"; };
		8AE78EFD20B4BB27002B7F8D /* SSEController.swift */ = {isa = PBXFileReference; lastKnownFileType = sourcecode.swift; path = SSEController.swift; sourceTree = "<group>"; };
		8AE78EFF20B595A4002B7F8D /* Reachability.swift */ = {isa = PBXFileReference; lastKnownFileType = sourcecode.swift; path = Reachability.swift; sourceTree = "<group>"; };
		8AE78F0220B5F890002B7F8D /* UserNotificationService.swift */ = {isa = PBXFileReference; lastKnownFileType = sourcecode.swift; path = UserNotificationService.swift; sourceTree = "<group>"; };
		8AFAE299207FED9500DA7D0E /* Settings.storyboard */ = {isa = PBXFileReference; lastKnownFileType = file.storyboard; path = Settings.storyboard; sourceTree = "<group>"; };
/* End PBXFileReference section */

/* Begin PBXFrameworksBuildPhase section */
		8A502ED82073C8330039D598 /* Frameworks */ = {
			isa = PBXFrameworksBuildPhase;
			buildActionMask = 2147483647;
			files = (
			);
			runOnlyForDeploymentPostprocessing = 0;
		};
/* End PBXFrameworksBuildPhase section */

/* Begin PBXGroup section */
		8A0003C220A8AD8B006A854E /* Services */ = {
			isa = PBXGroup;
			children = (
				8AE036882133208300174DF2 /* PersistanceService */,
				8A7E8D0A212C22A800E0909C /* SettingsUtility */,
				8AE78F0120B5F874002B7F8D /* UserNotificationService */,
				8A0003CE20A9B4F4006A854E /* NetworkService */,
				8A0003C320A8AD96006A854E /* LocationService */,
				8A0003CD20A9AD2C006A854E /* AlertService */,
			);
			path = Services;
			sourceTree = "<group>";
		};
		8A0003C320A8AD96006A854E /* LocationService */ = {
			isa = PBXGroup;
			children = (
				8A0003C420A8ADA2006A854E /* LocationService.swift */,
			);
			path = LocationService;
			sourceTree = "<group>";
		};
		8A0003C820A96F74006A854E /* Error */ = {
			isa = PBXGroup;
			children = (
				8A0003C920A96F7C006A854E /* LocationError.swift */,
				8A0003D920A9C35B006A854E /* APIError.swift */,
			);
			path = Error;
			sourceTree = "<group>";
		};
		8A0003CD20A9AD2C006A854E /* AlertService */ = {
			isa = PBXGroup;
			children = (
				8A0003CB20A983C2006A854E /* AlertService.swift */,
			);
			path = AlertService;
			sourceTree = "<group>";
		};
		8A0003CE20A9B4F4006A854E /* NetworkService */ = {
			isa = PBXGroup;
			children = (
				8A0003DD20AA1210006A854E /* Clients */,
				8A0003DE20AA121A006A854E /* Model */,
				8AE78EFF20B595A4002B7F8D /* Reachability.swift */,
			);
			path = NetworkService;
			sourceTree = "<group>";
		};
		8A0003DD20AA1210006A854E /* Clients */ = {
			isa = PBXGroup;
			children = (
				8A0003DF20AA147D006A854E /* WeatherClient.swift */,
				8A0003E120AA1D51006A854E /* WeatherFeed.swift */,
			);
			path = Clients;
			sourceTree = "<group>";
		};
		8A0003DE20AA121A006A854E /* Model */ = {
			isa = PBXGroup;
			children = (
				8A00043F20ADF155006A854E /* WeatherResponse */,
				8A0003D520A9BF54006A854E /* Result.swift */,
				8A0003D720A9BF99006A854E /* Endpoint.swift */,
				8A0003DB20A9C912006A854E /* APIClient.swift */,
			);
			path = Model;
			sourceTree = "<group>";
		};
		8A0003E720AAC93B006A854E /* CoreData */ = {
			isa = PBXGroup;
			children = (
				8A00042A20AADF4E006A854E /* Model */,
				8A00041B20AAD4E4006A854E /* CoreDataStack.swift */,
			);
			path = CoreData;
			sourceTree = "<group>";
		};
		8A00042A20AADF4E006A854E /* Model */ = {
			isa = PBXGroup;
			children = (
				8A00044F20AE07C7006A854E /* Weather+CoreDataClass.swift */,
				8A00045020AE07C7006A854E /* Weather+CoreDataProperties.swift */,
				8A00044820AE03A7006A854E /* Sunblock.xcdatamodeld */,
			);
			path = Model;
			sourceTree = "<group>";
		};
		8A00043F20ADF155006A854E /* WeatherResponse */ = {
			isa = PBXGroup;
			children = (
				8A00044020ADF166006A854E /* WeatherResponse.swift */,
				8A00044220ADF174006A854E /* WeatherDataResponse.swift */,
				8A00044620ADF599006A854E /* WeatherHourlyResponse.swift */,
			);
			path = WeatherResponse;
			sourceTree = "<group>";
		};
		8A00E934209F7B61000C6882 /* ProfileView */ = {
			isa = PBXGroup;
			children = (
				8A00E935209F7B72000C6882 /* ProfileView.xib */,
				8A00E937209F8912000C6882 /* ProfileView.swift */,
			);
			path = ProfileView;
			sourceTree = "<group>";
		};
		8A0D7BA6208FAAB400003245 /* Model */ = {
			isa = PBXGroup;
			children = (
				8A0D7BA7208FAAC000003245 /* SkinType.swift */,
				8A0D7BAA208FABBB00003245 /* SkinImageContainer.swift */,
				8A00E939209F8A71000C6882 /* Profile.swift */,
				8A0003C620A96E85006A854E /* UserLocation.swift */,
				8A00045520AECA53006A854E /* Environment.swift */,
				8A4A3A8620B347D80043D0FA /* OnboardingStatus.swift */,
				8AE78EFD20B4BB27002B7F8D /* SSEController.swift */,
				8AE0368621331EAB00174DF2 /* SSEValue.swift */,
			);
			path = Model;
			sourceTree = "<group>";
		};
		8A0D7BAC208FC38500003245 /* Protocols */ = {
			isa = PBXGroup;
			children = (
				8A0D7BAD208FC3C200003245 /* Reusable.swift */,
				8A0D7BAF208FCA1400003245 /* NibLoadable.swift */,
				8A23F6E220910B8400A30DDE /* NibOwnerLoadable.swift */,
				8A23F6E82091140A00A30DDE /* StoryboardIdentifiable.swift */,
			);
			path = Protocols;
			sourceTree = "<group>";
		};
		8A40F85120BBEBF200C16725 /* OnboardingHeaderView */ = {
			isa = PBXGroup;
			children = (
				8A40F85220BBEC0400C16725 /* OnboardingHeaderView.xib */,
				8A40F85420BBED8200C16725 /* OnboardingHeaderView.swift */,
			);
			path = OnboardingHeaderView;
			sourceTree = "<group>";
		};
		8A40F85620BC31B100C16725 /* SESkinSelectionView */ = {
			isa = PBXGroup;
			children = (
				8A40F85720BC328200C16725 /* SESkinSelectionView.xib */,
				8A40F85920BC37C600C16725 /* SESkinSelectionView.swift */,
			);
			path = SESkinSelectionView;
			sourceTree = "<group>";
		};
		8A40F85B20BCA9CC00C16725 /* SkinSelection */ = {
			isa = PBXGroup;
			children = (
				8A40F86420BD807500C16725 /* SkinSelectionView */,
				8A40F85620BC31B100C16725 /* SESkinSelectionView */,
				8A40F85E20BCABA300C16725 /* SkinSelectionAvatarView */,
			);
			path = SkinSelection;
			sourceTree = "<group>";
		};
		8A40F85E20BCABA300C16725 /* SkinSelectionAvatarView */ = {
			isa = PBXGroup;
			children = (
				8A40F85C20BCA9E700C16725 /* SkinSelectionAvatarView.xib */,
				8A40F85F20BCABBE00C16725 /* SkinSelectionAvatarView.swift */,
			);
			path = SkinSelectionAvatarView;
			sourceTree = "<group>";
		};
		8A40F86120BD3C3300C16725 /* SkinSelectionScene */ = {
			isa = PBXGroup;
			children = (
				8A40F86220BD3C6100C16725 /* SkinSelectionSceneViewController.swift */,
			);
			path = SkinSelectionScene;
			sourceTree = "<group>";
		};
		8A40F86420BD807500C16725 /* SkinSelectionView */ = {
			isa = PBXGroup;
			children = (
				8A40F86520BD808400C16725 /* SkinSelectionView.xib */,
				8A40F86720BD90BB00C16725 /* SkinSelectionView.swift */,
			);
			path = SkinSelectionView;
			sourceTree = "<group>";
		};
		8A502ED22073C8330039D598 = {
			isa = PBXGroup;
			children = (
				8A502EDD2073C8330039D598 /* Sunblock */,
				8A502EDC2073C8330039D598 /* Products */,
			);
			sourceTree = "<group>";
		};
		8A502EDC2073C8330039D598 /* Products */ = {
			isa = PBXGroup;
			children = (
				8A502EDB2073C8330039D598 /* Sunblock.app */,
			);
			name = Products;
			sourceTree = "<group>";
		};
		8A502EDD2073C8330039D598 /* Sunblock */ = {
			isa = PBXGroup;
			children = (
				8A7E8D06212C1F2300E0909C /* Utility */,
				8A0003E720AAC93B006A854E /* CoreData */,
				8A0003C820A96F74006A854E /* Error */,
				8A0003C220A8AD8B006A854E /* Services */,
				8A0D7BAC208FC38500003245 /* Protocols */,
				8A0D7BA6208FAAB400003245 /* Model */,
				8AD6B1F72083D43C0073721E /* Views */,
				8A502EF82073C9140039D598 /* Extensions */,
				8A502EF52073C8770039D598 /* Scenes */,
				8A502EF22073C85B0039D598 /* App */,
				8A502EF12073C84E0039D598 /* Storyboards */,
				8A502EF02073C83F0039D598 /* Resources */,
			);
			path = Sunblock;
			sourceTree = "<group>";
		};
		8A502EF02073C83F0039D598 /* Resources */ = {
			isa = PBXGroup;
			children = (
				8A5748242074315100B295B9 /* Fonts */,
				8A502EF42073C86F0039D598 /* Assets */,
				8A502EF32073C8640039D598 /* Plists */,
			);
			path = Resources;
			sourceTree = "<group>";
		};
		8A502EF12073C84E0039D598 /* Storyboards */ = {
			isa = PBXGroup;
			children = (
				8AD6B1FB2083E2720073721E /* SkinChooser */,
				8AFAE298207FED8400DA7D0E /* Settings */,
				8A502EF72073C8980039D598 /* Main */,
				8A502EF62073C8900039D598 /* Onboarding */,
			);
			path = Storyboards;
			sourceTree = "<group>";
		};
		8A502EF22073C85B0039D598 /* App */ = {
			isa = PBXGroup;
			children = (
				8A502EDE2073C8330039D598 /* AppDelegate.swift */,
			);
			path = App;
			sourceTree = "<group>";
		};
		8A502EF32073C8640039D598 /* Plists */ = {
			isa = PBXGroup;
			children = (
				8A502EEA2073C8330039D598 /* Info.plist */,
				8A00E93F20A2406C000C6882 /* Profiles.plist */,
			);
			path = Plists;
			sourceTree = "<group>";
		};
		8A502EF42073C86F0039D598 /* Assets */ = {
			isa = PBXGroup;
			children = (
				8A502EE52073C8330039D598 /* Assets.xcassets */,
			);
			path = Assets;
			sourceTree = "<group>";
		};
		8A502EF52073C8770039D598 /* Scenes */ = {
			isa = PBXGroup;
			children = (
				8A40F86120BD3C3300C16725 /* SkinSelectionScene */,
				8ABC18C920B20C8F007EA149 /* OnboardingScene */,
				8A9CF543209A5E1F001EFCCC /* AboutScene */,
				8A9CF540209A508F001EFCCC /* DisclaimerScene */,
				8A9CF53D209A5018001EFCCC /* SettingScene */,
				8AD6B1FE2083E7EB0073721E /* SkinChooserScene */,
				8A57482120742E2D00B295B9 /* MainScene */,
			);
			path = Scenes;
			sourceTree = "<group>";
		};
		8A502EF62073C8900039D598 /* Onboarding */ = {
			isa = PBXGroup;
			children = (
				8A502EE72073C8330039D598 /* LaunchScreen.storyboard */,
				8ABC18C720B20852007EA149 /* Onboarding.storyboard */,
			);
			path = Onboarding;
			sourceTree = "<group>";
		};
		8A502EF72073C8980039D598 /* Main */ = {
			isa = PBXGroup;
			children = (
				8A502EE22073C8330039D598 /* Main.storyboard */,
			);
			path = Main;
			sourceTree = "<group>";
		};
		8A502EF82073C9140039D598 /* Extensions */ = {
			isa = PBXGroup;
			children = (
				8A502EF92073C95C0039D598 /* UIColor.swift */,
				8A23F6E420910C6700A30DDE /* UICollectionView.swift */,
				8A23F6E62091103500A30DDE /* UITableView.swift */,
				8A23F6EA2091143300A30DDE /* UIStoryboard.swift */,
				8A36537220950E1000337B3C /* UIView.swift */,
				8A00042B20AAEF23006A854E /* CodingUserInfoKey.swift */,
				8A00045320AEB45D006A854E /* Date.swift */,
				8AE2772420B1CA7900D8E65F /* UIFont.swift */,
				8A9CB2A520B4294B009720C2 /* UIViewController.swift */,
				8A40F84920B7639400C16725 /* UIDevice.swift */,
				8A40F84B20B76B8900C16725 /* Bundle.swift */,
				8A40F84D20B7F90A00C16725 /* ScrollView.swift */,
				8A40F84F20B7FE8700C16725 /* NotificationName.swift */,
			);
			path = Extensions;
			sourceTree = "<group>";
		};
		8A57482120742E2D00B295B9 /* MainScene */ = {
			isa = PBXGroup;
			children = (
				8A57482220742E8600B295B9 /* MainSceneViewController.swift */,
			);
			path = MainScene;
			sourceTree = "<group>";
		};
		8A5748242074315100B295B9 /* Fonts */ = {
			isa = PBXGroup;
			children = (
				8A5748362075221A00B295B9 /* Nevis */,
				8A5748352075221000B295B9 /* Archivo */,
			);
			path = Fonts;
			sourceTree = "<group>";
		};
		8A5748352075221000B295B9 /* Archivo */ = {
			isa = PBXGroup;
			children = (
				8A57482A2074316B00B295B9 /* Archivo-Bold.ttf */,
				8A5748272074316A00B295B9 /* Archivo-BoldItalic.ttf */,
				8A5748262074316A00B295B9 /* Archivo-Italic.ttf */,
				8A57482C2074316B00B295B9 /* Archivo-Medium.ttf */,
				8A5748252074316A00B295B9 /* Archivo-MediumItalic.ttf */,
				8A57482B2074316B00B295B9 /* Archivo-Regular.ttf */,
				8A5748282074316B00B295B9 /* Archivo-SemiBold.ttf */,
				8A5748292074316B00B295B9 /* Archivo-SemiBoldItalic.ttf */,
			);
			path = Archivo;
			sourceTree = "<group>";
		};
		8A5748362075221A00B295B9 /* Nevis */ = {
			isa = PBXGroup;
			children = (
				8A5748372075222400B295B9 /* nevis.ttf */,
			);
			path = Nevis;
			sourceTree = "<group>";
		};
		8A7E8D06212C1F2300E0909C /* Utility */ = {
			isa = PBXGroup;
			children = (
				8A7E8D07212C1F3300E0909C /* Temperature */,
			);
			path = Utility;
			sourceTree = "<group>";
		};
		8A7E8D07212C1F3300E0909C /* Temperature */ = {
			isa = PBXGroup;
			children = (
				8A7E8D08212C1F3F00E0909C /* TemperatureUnit.swift */,
			);
			path = Temperature;
			sourceTree = "<group>";
		};
		8A7E8D0A212C22A800E0909C /* SettingsUtility */ = {
			isa = PBXGroup;
			children = (
				8A7E8D0B212C22CC00E0909C /* SettingsUtlity.swift */,
			);
			path = SettingsUtility;
			sourceTree = "<group>";
		};
		8A9CF53D209A5018001EFCCC /* SettingScene */ = {
			isa = PBXGroup;
			children = (
				8A9CF53E209A5034001EFCCC /* SettingsSceneViewController.swift */,
				8A7E8D04212C0C5400E0909C /* SettingsTableViewController.swift */,
			);
			path = SettingScene;
			sourceTree = "<group>";
		};
		8A9CF540209A508F001EFCCC /* DisclaimerScene */ = {
			isa = PBXGroup;
			children = (
				8A9CF541209A509E001EFCCC /* DisclaimerSceneViewController.swift */,
			);
			path = DisclaimerScene;
			sourceTree = "<group>";
		};
		8A9CF543209A5E1F001EFCCC /* AboutScene */ = {
			isa = PBXGroup;
			children = (
				8A9CF544209A5E2E001EFCCC /* AboutSceneViewController.swift */,
			);
			path = AboutScene;
			sourceTree = "<group>";
		};
		8ABC18C920B20C8F007EA149 /* OnboardingScene */ = {
			isa = PBXGroup;
			children = (
				8ABC18CA20B20CAE007EA149 /* OnboardingSceneViewController.swift */,
				8A4A3A8820B364BF0043D0FA /* OnboardinDisclaimerSceneViewController.swift */,
				8A4A3A8A20B365E60043D0FA /* OnboardinLocationSceneViewController.swift */,
			);
			path = OnboardingScene;
			sourceTree = "<group>";
		};
		8ABC18D020B30289007EA149 /* OnboardingInfoView */ = {
			isa = PBXGroup;
			children = (
				8ABC18CC20B21175007EA149 /* OnboardingInfoView.xib */,
				8ABC18CE20B211AC007EA149 /* OnboardingInfoView.swift */,
			);
			path = OnboardingInfoView;
			sourceTree = "<group>";
		};
		8AC3C3F620A4CF9200FFFB20 /* SegmentChooserView */ = {
			isa = PBXGroup;
			children = (
				8AC3C3F720A4CFC400FFFB20 /* SegmentChooserView.xib */,
				8AC3C3F920A577EA00FFFB20 /* SegmentChooserView.swift */,
			);
			path = SegmentChooserView;
			sourceTree = "<group>";
		};
		8AD6B1F72083D43C0073721E /* Views */ = {
			isa = PBXGroup;
			children = (
				8A40F85B20BCA9CC00C16725 /* SkinSelection */,
				8A40F85120BBEBF200C16725 /* OnboardingHeaderView */,
				8AE2772620B1F69400D8E65F /* SSEView */,
				8AE2771D20B0A5F800D8E65F /* SPFSelectionView */,
				8AC3C3F620A4CF9200FFFB20 /* SegmentChooserView */,
				8A00E934209F7B61000C6882 /* ProfileView */,
				8AD6B1F82083D46E0073721E /* Button */,
				8ABC18D020B30289007EA149 /* OnboardingInfoView */,
			);
			path = Views;
			sourceTree = "<group>";
		};
		8AD6B1F82083D46E0073721E /* Button */ = {
			isa = PBXGroup;
			children = (
				8AD6B1F92083D47E0073721E /* MainButton.swift */,
			);
			path = Button;
			sourceTree = "<group>";
		};
		8AD6B1FB2083E2720073721E /* SkinChooser */ = {
			isa = PBXGroup;
			children = (
				8AD6B1FC2083E2FD0073721E /* SkinChooser.storyboard */,
			);
			path = SkinChooser;
			sourceTree = "<group>";
		};
		8AD6B1FE2083E7EB0073721E /* SkinChooserScene */ = {
			isa = PBXGroup;
			children = (
				8AD6B2012083E8910073721E /* Cell */,
				8AD6B1FF2083E80F0073721E /* SkinChooserSceneViewController.swift */,
			);
			path = SkinChooserScene;
			sourceTree = "<group>";
		};
		8AD6B2012083E8910073721E /* Cell */ = {
			isa = PBXGroup;
			children = (
				8AD6B2022083E8A10073721E /* SkinTypeCell.swift */,
			);
			path = Cell;
			sourceTree = "<group>";
		};
		8AE036882133208300174DF2 /* PersistanceService */ = {
			isa = PBXGroup;
			children = (
				8AE036892133209A00174DF2 /* PersistanceService.swift */,
			);
			path = PersistanceService;
			sourceTree = "<group>";
		};
		8AE2771D20B0A5F800D8E65F /* SPFSelectionView */ = {
			isa = PBXGroup;
			children = (
				8AE2771E20B0A79300D8E65F /* SPFSelectionView.xib */,
				8AE2772020B0ADDF00D8E65F /* SPFSelectionView.swift */,
			);
			path = SPFSelectionView;
			sourceTree = "<group>";
		};
		8AE2772620B1F69400D8E65F /* SSEView */ = {
			isa = PBXGroup;
			children = (
				8AE2772720B1F73500D8E65F /* SSEView.xib */,
				8AE2772920B1FE8C00D8E65F /* SSEView.swift */,
			);
			path = SSEView;
			sourceTree = "<group>";
		};
		8AE78F0120B5F874002B7F8D /* UserNotificationService */ = {
			isa = PBXGroup;
			children = (
				8AE78F0220B5F890002B7F8D /* UserNotificationService.swift */,
			);
			path = UserNotificationService;
			sourceTree = "<group>";
		};
		8AFAE298207FED8400DA7D0E /* Settings */ = {
			isa = PBXGroup;
			children = (
				8AFAE299207FED9500DA7D0E /* Settings.storyboard */,
			);
			path = Settings;
			sourceTree = "<group>";
		};
/* End PBXGroup section */

/* Begin PBXNativeTarget section */
		8A502EDA2073C8330039D598 /* Sunblock */ = {
			isa = PBXNativeTarget;
			buildConfigurationList = 8A502EED2073C8330039D598 /* Build configuration list for PBXNativeTarget "Sunblock" */;
			buildPhases = (
				8A502ED72073C8330039D598 /* Sources */,
				8A502ED82073C8330039D598 /* Frameworks */,
				8A502ED92073C8330039D598 /* Resources */,
			);
			buildRules = (
			);
			dependencies = (
			);
			name = Sunblock;
			productName = Sunblock;
			productReference = 8A502EDB2073C8330039D598 /* Sunblock.app */;
			productType = "com.apple.product-type.application";
		};
/* End PBXNativeTarget section */

/* Begin PBXProject section */
		8A502ED32073C8330039D598 /* Project object */ = {
			isa = PBXProject;
			attributes = {
				LastSwiftUpdateCheck = 0920;
				LastUpgradeCheck = 0930;
				ORGANIZATIONNAME = Shortcut;
				TargetAttributes = {
					8A502EDA2073C8330039D598 = {
						CreatedOnToolsVersion = 9.2;
						ProvisioningStyle = Automatic;
					};
				};
			};
			buildConfigurationList = 8A502ED62073C8330039D598 /* Build configuration list for PBXProject "Sunblock" */;
			compatibilityVersion = "Xcode 8.0";
			developmentRegion = en;
			hasScannedForEncodings = 0;
			knownRegions = (
				en,
				Base,
			);
			mainGroup = 8A502ED22073C8330039D598;
			productRefGroup = 8A502EDC2073C8330039D598 /* Products */;
			projectDirPath = "";
			projectRoot = "";
			targets = (
				8A502EDA2073C8330039D598 /* Sunblock */,
			);
		};
/* End PBXProject section */

/* Begin PBXResourcesBuildPhase section */
		8A502ED92073C8330039D598 /* Resources */ = {
			isa = PBXResourcesBuildPhase;
			buildActionMask = 2147483647;
			files = (
				8A57482D2074316B00B295B9 /* Archivo-MediumItalic.ttf in Resources */,
				8ABC18CD20B21175007EA149 /* OnboardingInfoView.xib in Resources */,
				8A57482E2074316B00B295B9 /* Archivo-Italic.ttf in Resources */,
				8A57482F2074316B00B295B9 /* Archivo-BoldItalic.ttf in Resources */,
				8A502EE92073C8330039D598 /* LaunchScreen.storyboard in Resources */,
				8A5748312074316B00B295B9 /* Archivo-SemiBoldItalic.ttf in Resources */,
				8AE2771F20B0A79300D8E65F /* SPFSelectionView.xib in Resources */,
				8AE2772820B1F73500D8E65F /* SSEView.xib in Resources */,
				8AC3C3F820A4CFC400FFFB20 /* SegmentChooserView.xib in Resources */,
				8A502EE62073C8330039D598 /* Assets.xcassets in Resources */,
				8A40F85820BC328200C16725 /* SESkinSelectionView.xib in Resources */,
				8A5748382075222400B295B9 /* nevis.ttf in Resources */,
				8AD6B1FD2083E2FD0073721E /* SkinChooser.storyboard in Resources */,
				8ABC18C820B20852007EA149 /* Onboarding.storyboard in Resources */,
				8A5748322074316B00B295B9 /* Archivo-Bold.ttf in Resources */,
				8A5748342074316B00B295B9 /* Archivo-Medium.ttf in Resources */,
				8A5748302074316B00B295B9 /* Archivo-SemiBold.ttf in Resources */,
				8A40F85D20BCA9E700C16725 /* SkinSelectionAvatarView.xib in Resources */,
				8A00E936209F7B72000C6882 /* ProfileView.xib in Resources */,
				8A00E94020A2406C000C6882 /* Profiles.plist in Resources */,
				8A40F85320BBEC0400C16725 /* OnboardingHeaderView.xib in Resources */,
				8A5748332074316B00B295B9 /* Archivo-Regular.ttf in Resources */,
				8A40F86620BD808400C16725 /* SkinSelectionView.xib in Resources */,
				8AFAE29A207FED9500DA7D0E /* Settings.storyboard in Resources */,
				8A502EE42073C8330039D598 /* Main.storyboard in Resources */,
			);
			runOnlyForDeploymentPostprocessing = 0;
		};
/* End PBXResourcesBuildPhase section */

/* Begin PBXSourcesBuildPhase section */
		8A502ED72073C8330039D598 /* Sources */ = {
			isa = PBXSourcesBuildPhase;
			buildActionMask = 2147483647;
			files = (
				8A0003E220AA1D51006A854E /* WeatherFeed.swift in Sources */,
				8A40F84C20B76B8900C16725 /* Bundle.swift in Sources */,
				8A36537320950E1000337B3C /* UIView.swift in Sources */,
				8A23F6E92091140A00A30DDE /* StoryboardIdentifiable.swift in Sources */,
				8A0003CC20A983C2006A854E /* AlertService.swift in Sources */,
				8AE0368A2133209A00174DF2 /* PersistanceService.swift in Sources */,
				8A0003DC20A9C912006A854E /* APIClient.swift in Sources */,
				8A40F84A20B7639400C16725 /* UIDevice.swift in Sources */,
				8AE78F0020B595A4002B7F8D /* Reachability.swift in Sources */,
				8AD6B2032083E8A10073721E /* SkinTypeCell.swift in Sources */,
				8A0003D820A9BF99006A854E /* Endpoint.swift in Sources */,
				8AD6B2002083E80F0073721E /* SkinChooserSceneViewController.swift in Sources */,
				8A9CB2A620B4294B009720C2 /* UIViewController.swift in Sources */,
				8A23F6E320910B8400A30DDE /* NibOwnerLoadable.swift in Sources */,
				8A0003C720A96E85006A854E /* UserLocation.swift in Sources */,
				8A0003CA20A96F7C006A854E /* LocationError.swift in Sources */,
				8A40F86820BD90BB00C16725 /* SkinSelectionView.swift in Sources */,
				8A9CF545209A5E2E001EFCCC /* AboutSceneViewController.swift in Sources */,
				8A0003DA20A9C35B006A854E /* APIError.swift in Sources */,
				8A00044A20AE03A7006A854E /* Sunblock.xcdatamodeld in Sources */,
				8A9CF53F209A5034001EFCCC /* SettingsSceneViewController.swift in Sources */,
				8A00045120AE07C7006A854E /* Weather+CoreDataClass.swift in Sources */,
				8A40F84E20B7F90A00C16725 /* ScrollView.swift in Sources */,
				8AD6B1FA2083D47E0073721E /* MainButton.swift in Sources */,
				8AE2772A20B1FE8C00D8E65F /* SSEView.swift in Sources */,
				8A00045420AEB45D006A854E /* Date.swift in Sources */,
				8A4A3A8B20B365E60043D0FA /* OnboardinLocationSceneViewController.swift in Sources */,
				8A40F86320BD3C6100C16725 /* SkinSelectionSceneViewController.swift in Sources */,
				8A00041C20AAD4E4006A854E /* CoreDataStack.swift in Sources */,
				8A7E8D05212C0C5400E0909C /* SettingsTableViewController.swift in Sources */,
				8A0D7BB0208FCA1400003245 /* NibLoadable.swift in Sources */,
				8A23F6EB2091143300A30DDE /* UIStoryboard.swift in Sources */,
				8ABC18CB20B20CAE007EA149 /* OnboardingSceneViewController.swift in Sources */,
				8A00E93A209F8A71000C6882 /* Profile.swift in Sources */,
				8A0D7BAE208FC3C200003245 /* Reusable.swift in Sources */,
				8A40F85020B7FE8700C16725 /* NotificationName.swift in Sources */,
				8A00044120ADF166006A854E /* WeatherResponse.swift in Sources */,
				8A23F6E520910C6700A30DDE /* UICollectionView.swift in Sources */,
				8AE78EFE20B4BB27002B7F8D /* SSEController.swift in Sources */,
				8A0003E020AA147D006A854E /* WeatherClient.swift in Sources */,
				8A00045220AE07C7006A854E /* Weather+CoreDataProperties.swift in Sources */,
				8A40F85520BBED8200C16725 /* OnboardingHeaderView.swift in Sources */,
				8A00E938209F8912000C6882 /* ProfileView.swift in Sources */,
				8A7E8D09212C1F3F00E0909C /* TemperatureUnit.swift in Sources */,
				8ABC18CF20B211AC007EA149 /* OnboardingInfoView.swift in Sources */,
				8AE2772520B1CA7900D8E65F /* UIFont.swift in Sources */,
				8A4A3A8920B364BF0043D0FA /* OnboardinDisclaimerSceneViewController.swift in Sources */,
				8AE78F0320B5F890002B7F8D /* UserNotificationService.swift in Sources */,
				8A00045620AECA53006A854E /* Environment.swift in Sources */,
				8A502EDF2073C8330039D598 /* AppDelegate.swift in Sources */,
				8A502EFA2073C95C0039D598 /* UIColor.swift in Sources */,
				8A40F86020BCABBE00C16725 /* SkinSelectionAvatarView.swift in Sources */,
				8A00044320ADF174006A854E /* WeatherDataResponse.swift in Sources */,
				8A0003C520A8ADA2006A854E /* LocationService.swift in Sources */,
				8A0D7BA8208FAAC000003245 /* SkinType.swift in Sources */,
				8A9CF542209A509E001EFCCC /* DisclaimerSceneViewController.swift in Sources */,
				8A00044720ADF599006A854E /* WeatherHourlyResponse.swift in Sources */,
				8A4A3A8720B347D80043D0FA /* OnboardingStatus.swift in Sources */,
				8AE2772120B0ADDF00D8E65F /* SPFSelectionView.swift in Sources */,
				8AC3C3FA20A577EA00FFFB20 /* SegmentChooserView.swift in Sources */,
				8A40F85A20BC37C600C16725 /* SESkinSelectionView.swift in Sources */,
				8A0003D620A9BF54006A854E /* Result.swift in Sources */,
				8A00042C20AAEF23006A854E /* CodingUserInfoKey.swift in Sources */,
				8A23F6E72091103500A30DDE /* UITableView.swift in Sources */,
				8A7E8D0C212C22CC00E0909C /* SettingsUtlity.swift in Sources */,
				8A0D7BAB208FABBB00003245 /* SkinImageContainer.swift in Sources */,
				8AE0368721331EAB00174DF2 /* SSEValue.swift in Sources */,
				8A57482320742E8600B295B9 /* MainSceneViewController.swift in Sources */,
			);
			runOnlyForDeploymentPostprocessing = 0;
		};
/* End PBXSourcesBuildPhase section */

/* Begin PBXVariantGroup section */
		8A502EE22073C8330039D598 /* Main.storyboard */ = {
			isa = PBXVariantGroup;
			children = (
				8A502EE32073C8330039D598 /* Base */,
			);
			name = Main.storyboard;
			sourceTree = "<group>";
		};
		8A502EE72073C8330039D598 /* LaunchScreen.storyboard */ = {
			isa = PBXVariantGroup;
			children = (
				8A502EE82073C8330039D598 /* Base */,
			);
			name = LaunchScreen.storyboard;
			sourceTree = "<group>";
		};
/* End PBXVariantGroup section */

/* Begin XCBuildConfiguration section */
		8A502EEB2073C8330039D598 /* Debug */ = {
			isa = XCBuildConfiguration;
			buildSettings = {
				ALWAYS_SEARCH_USER_PATHS = NO;
				CLANG_ANALYZER_NONNULL = YES;
				CLANG_ANALYZER_NUMBER_OBJECT_CONVERSION = YES_AGGRESSIVE;
				CLANG_CXX_LANGUAGE_STANDARD = "gnu++14";
				CLANG_CXX_LIBRARY = "libc++";
				CLANG_ENABLE_MODULES = YES;
				CLANG_ENABLE_OBJC_ARC = YES;
				CLANG_WARN_BLOCK_CAPTURE_AUTORELEASING = YES;
				CLANG_WARN_BOOL_CONVERSION = YES;
				CLANG_WARN_COMMA = YES;
				CLANG_WARN_CONSTANT_CONVERSION = YES;
				CLANG_WARN_DEPRECATED_OBJC_IMPLEMENTATIONS = YES;
				CLANG_WARN_DIRECT_OBJC_ISA_USAGE = YES_ERROR;
				CLANG_WARN_DOCUMENTATION_COMMENTS = YES;
				CLANG_WARN_EMPTY_BODY = YES;
				CLANG_WARN_ENUM_CONVERSION = YES;
				CLANG_WARN_INFINITE_RECURSION = YES;
				CLANG_WARN_INT_CONVERSION = YES;
				CLANG_WARN_NON_LITERAL_NULL_CONVERSION = YES;
				CLANG_WARN_OBJC_IMPLICIT_RETAIN_SELF = YES;
				CLANG_WARN_OBJC_LITERAL_CONVERSION = YES;
				CLANG_WARN_OBJC_ROOT_CLASS = YES_ERROR;
				CLANG_WARN_RANGE_LOOP_ANALYSIS = YES;
				CLANG_WARN_STRICT_PROTOTYPES = YES;
				CLANG_WARN_SUSPICIOUS_MOVE = YES;
				CLANG_WARN_UNGUARDED_AVAILABILITY = YES_AGGRESSIVE;
				CLANG_WARN_UNREACHABLE_CODE = YES;
				CLANG_WARN__DUPLICATE_METHOD_MATCH = YES;
				CODE_SIGN_IDENTITY = "iPhone Developer";
				COPY_PHASE_STRIP = NO;
				DEBUG_INFORMATION_FORMAT = dwarf;
				ENABLE_STRICT_OBJC_MSGSEND = YES;
				ENABLE_TESTABILITY = YES;
				GCC_C_LANGUAGE_STANDARD = gnu11;
				GCC_DYNAMIC_NO_PIC = NO;
				GCC_NO_COMMON_BLOCKS = YES;
				GCC_OPTIMIZATION_LEVEL = 0;
				GCC_PREPROCESSOR_DEFINITIONS = (
					"DEBUG=1",
					"$(inherited)",
				);
				GCC_WARN_64_TO_32_BIT_CONVERSION = YES;
				GCC_WARN_ABOUT_RETURN_TYPE = YES_ERROR;
				GCC_WARN_UNDECLARED_SELECTOR = YES;
				GCC_WARN_UNINITIALIZED_AUTOS = YES_AGGRESSIVE;
				GCC_WARN_UNUSED_FUNCTION = YES;
				GCC_WARN_UNUSED_VARIABLE = YES;
				IPHONEOS_DEPLOYMENT_TARGET = 11.2;
				MTL_ENABLE_DEBUG_INFO = YES;
				ONLY_ACTIVE_ARCH = YES;
				SDKROOT = iphoneos;
				SWIFT_ACTIVE_COMPILATION_CONDITIONS = DEBUG;
				SWIFT_OPTIMIZATION_LEVEL = "-Onone";
			};
			name = Debug;
		};
		8A502EEC2073C8330039D598 /* Release */ = {
			isa = XCBuildConfiguration;
			buildSettings = {
				ALWAYS_SEARCH_USER_PATHS = NO;
				CLANG_ANALYZER_NONNULL = YES;
				CLANG_ANALYZER_NUMBER_OBJECT_CONVERSION = YES_AGGRESSIVE;
				CLANG_CXX_LANGUAGE_STANDARD = "gnu++14";
				CLANG_CXX_LIBRARY = "libc++";
				CLANG_ENABLE_MODULES = YES;
				CLANG_ENABLE_OBJC_ARC = YES;
				CLANG_WARN_BLOCK_CAPTURE_AUTORELEASING = YES;
				CLANG_WARN_BOOL_CONVERSION = YES;
				CLANG_WARN_COMMA = YES;
				CLANG_WARN_CONSTANT_CONVERSION = YES;
				CLANG_WARN_DEPRECATED_OBJC_IMPLEMENTATIONS = YES;
				CLANG_WARN_DIRECT_OBJC_ISA_USAGE = YES_ERROR;
				CLANG_WARN_DOCUMENTATION_COMMENTS = YES;
				CLANG_WARN_EMPTY_BODY = YES;
				CLANG_WARN_ENUM_CONVERSION = YES;
				CLANG_WARN_INFINITE_RECURSION = YES;
				CLANG_WARN_INT_CONVERSION = YES;
				CLANG_WARN_NON_LITERAL_NULL_CONVERSION = YES;
				CLANG_WARN_OBJC_IMPLICIT_RETAIN_SELF = YES;
				CLANG_WARN_OBJC_LITERAL_CONVERSION = YES;
				CLANG_WARN_OBJC_ROOT_CLASS = YES_ERROR;
				CLANG_WARN_RANGE_LOOP_ANALYSIS = YES;
				CLANG_WARN_STRICT_PROTOTYPES = YES;
				CLANG_WARN_SUSPICIOUS_MOVE = YES;
				CLANG_WARN_UNGUARDED_AVAILABILITY = YES_AGGRESSIVE;
				CLANG_WARN_UNREACHABLE_CODE = YES;
				CLANG_WARN__DUPLICATE_METHOD_MATCH = YES;
				CODE_SIGN_IDENTITY = "iPhone Developer";
				COPY_PHASE_STRIP = NO;
				DEBUG_INFORMATION_FORMAT = "dwarf-with-dsym";
				ENABLE_NS_ASSERTIONS = NO;
				ENABLE_STRICT_OBJC_MSGSEND = YES;
				GCC_C_LANGUAGE_STANDARD = gnu11;
				GCC_NO_COMMON_BLOCKS = YES;
				GCC_WARN_64_TO_32_BIT_CONVERSION = YES;
				GCC_WARN_ABOUT_RETURN_TYPE = YES_ERROR;
				GCC_WARN_UNDECLARED_SELECTOR = YES;
				GCC_WARN_UNINITIALIZED_AUTOS = YES_AGGRESSIVE;
				GCC_WARN_UNUSED_FUNCTION = YES;
				GCC_WARN_UNUSED_VARIABLE = YES;
				IPHONEOS_DEPLOYMENT_TARGET = 11.2;
				MTL_ENABLE_DEBUG_INFO = NO;
				SDKROOT = iphoneos;
				SWIFT_OPTIMIZATION_LEVEL = "-Owholemodule";
				VALIDATE_PRODUCT = YES;
			};
			name = Release;
		};
		8A502EEE2073C8330039D598 /* Debug */ = {
			isa = XCBuildConfiguration;
			buildSettings = {
				ASSETCATALOG_COMPILER_APPICON_NAME = AppIcon;
				CODE_SIGN_IDENTITY = "iPhone Developer";
				CODE_SIGN_STYLE = Automatic;
				DEVELOPMENT_TEAM = A6LH7SM6VR;
				INFOPLIST_FILE = "$(SRCROOT)/Sunblock/Resources/Plists/Info.plist";
				IPHONEOS_DEPLOYMENT_TARGET = 11.0;
				LD_RUNPATH_SEARCH_PATHS = "$(inherited) @executable_path/Frameworks";
				PRODUCT_BUNDLE_IDENTIFIER = suthananth.sunblock;
				PRODUCT_NAME = "$(TARGET_NAME)";
				PROVISIONING_PROFILE_SPECIFIER = "";
				SWIFT_VERSION = 4.0;
				TARGETED_DEVICE_FAMILY = 1;
			};
			name = Debug;
		};
		8A502EEF2073C8330039D598 /* Release */ = {
			isa = XCBuildConfiguration;
			buildSettings = {
				ASSETCATALOG_COMPILER_APPICON_NAME = AppIcon;
				CODE_SIGN_IDENTITY = "iPhone Developer";
				CODE_SIGN_STYLE = Automatic;
				DEVELOPMENT_TEAM = A6LH7SM6VR;
				INFOPLIST_FILE = "$(SRCROOT)/Sunblock/Resources/Plists/Info.plist";
				IPHONEOS_DEPLOYMENT_TARGET = 11.0;
				LD_RUNPATH_SEARCH_PATHS = "$(inherited) @executable_path/Frameworks";
				PRODUCT_BUNDLE_IDENTIFIER = suthananth.sunblock;
				PRODUCT_NAME = "$(TARGET_NAME)";
				PROVISIONING_PROFILE_SPECIFIER = "";
				SWIFT_VERSION = 4.0;
				TARGETED_DEVICE_FAMILY = 1;
			};
			name = Release;
		};
/* End XCBuildConfiguration section */

/* Begin XCConfigurationList section */
		8A502ED62073C8330039D598 /* Build configuration list for PBXProject "Sunblock" */ = {
			isa = XCConfigurationList;
			buildConfigurations = (
				8A502EEB2073C8330039D598 /* Debug */,
				8A502EEC2073C8330039D598 /* Release */,
			);
			defaultConfigurationIsVisible = 0;
			defaultConfigurationName = Release;
		};
		8A502EED2073C8330039D598 /* Build configuration list for PBXNativeTarget "Sunblock" */ = {
			isa = XCConfigurationList;
			buildConfigurations = (
				8A502EEE2073C8330039D598 /* Debug */,
				8A502EEF2073C8330039D598 /* Release */,
			);
			defaultConfigurationIsVisible = 0;
			defaultConfigurationName = Release;
		};
/* End XCConfigurationList section */

/* Begin XCVersionGroup section */
		8A00044820AE03A7006A854E /* Sunblock.xcdatamodeld */ = {
			isa = XCVersionGroup;
			children = (
				8A00044920AE03A7006A854E /* Sunblock.xcdatamodel */,
			);
			currentVersion = 8A00044920AE03A7006A854E /* Sunblock.xcdatamodel */;
			path = Sunblock.xcdatamodeld;
			sourceTree = "<group>";
			versionGroupType = wrapper.xcdatamodel;
		};
/* End XCVersionGroup section */
	};
	rootObject = 8A502ED32073C8330039D598 /* Project object */;
}
